
Microsoft Visual Studio Solution File, Format Version 12.00
# Visual Studio 2013
VisualStudioVersion = 12.0.30723.0
MinimumVisualStudioVersion = 10.0.40219.1
Project("{CC5FD16D-436D-48AD-A40C-5A424C6E3E79}") = "TakeGive.CloudService", "TakeGive.CloudService\TakeGive.CloudService.ccproj", "{27E5BC5C-7E4D-41D2-B578-13EAC0CD03D2}"
EndProject
Project("{FAE04EC0-301F-11D3-BF4B-00C04F79EFBC}") = "TakeGive.Web", "TakeGive.Web\TakeGive.Web.csproj", "{192C1302-D7B0-4D4A-8805-AB1FF11B3394}"
EndProject
Project("{FAE04EC0-301F-11D3-BF4B-00C04F79EFBC}") = "TakeGive.MongoDb.Dto", "TakeGive.MongoDb.Dto\TakeGive.MongoDb.Dto.csproj", "{BB06F398-700D-444C-8B8B-02879584E163}"
EndProject
Project("{FAE04EC0-301F-11D3-BF4B-00C04F79EFBC}") = "TakeGive.MongoDb", "TakeGive.MongoDb\TakeGive.MongoDb.csproj", "{09F812FF-1577-4D9C-ACB6-2F1FCF8DDDE8}"
EndProject
Project("{FAE04EC0-301F-11D3-BF4B-00C04F79EFBC}") = "TakeGive.App.WindowsPhone", "TakeGive.App.WindowsPhone\TakeGive.App.WindowsPhone.csproj", "{689A19EE-F1ED-4585-A67C-B12B21E1BAA6}"
EndProject
Global
	GlobalSection(SolutionConfigurationPlatforms) = preSolution
		Debug|Any CPU = Debug|Any CPU
		Debug|ARM = Debug|ARM
		Debug|x86 = Debug|x86
		Release|Any CPU = Release|Any CPU
		Release|ARM = Release|ARM
		Release|x86 = Release|x86
	EndGlobalSection
	GlobalSection(ProjectConfigurationPlatforms) = postSolution
		{27E5BC5C-7E4D-41D2-B578-13EAC0CD03D2}.Debug|Any CPU.ActiveCfg = Debug|Any CPU
		{27E5BC5C-7E4D-41D2-B578-13EAC0CD03D2}.Debug|Any CPU.Build.0 = Debug|Any CPU
		{27E5BC5C-7E4D-41D2-B578-13EAC0CD03D2}.Debug|ARM.ActiveCfg = Debug|Any CPU
		{27E5BC5C-7E4D-41D2-B578-13EAC0CD03D2}.Debug|x86.ActiveCfg = Debug|Any CPU
		{27E5BC5C-7E4D-41D2-B578-13EAC0CD03D2}.Release|Any CPU.ActiveCfg = Release|Any CPU
		{27E5BC5C-7E4D-41D2-B578-13EAC0CD03D2}.Release|Any CPU.Build.0 = Release|Any CPU
		{27E5BC5C-7E4D-41D2-B578-13EAC0CD03D2}.Release|ARM.ActiveCfg = Release|Any CPU
		{27E5BC5C-7E4D-41D2-B578-13EAC0CD03D2}.Release|x86.ActiveCfg = Release|Any CPU
		{192C1302-D7B0-4D4A-8805-AB1FF11B3394}.Debug|Any CPU.ActiveCfg = Debug|Any CPU
		{192C1302-D7B0-4D4A-8805-AB1FF11B3394}.Debug|Any CPU.Build.0 = Debug|Any CPU
		{192C1302-D7B0-4D4A-8805-AB1FF11B3394}.Debug|ARM.ActiveCfg = Debug|Any CPU
		{192C1302-D7B0-4D4A-8805-AB1FF11B3394}.Debug|x86.ActiveCfg = Debug|Any CPU
		{192C1302-D7B0-4D4A-8805-AB1FF11B3394}.Release|Any CPU.ActiveCfg = Release|Any CPU
		{192C1302-D7B0-4D4A-8805-AB1FF11B3394}.Release|Any CPU.Build.0 = Release|Any CPU
		{192C1302-D7B0-4D4A-8805-AB1FF11B3394}.Release|ARM.ActiveCfg = Release|Any CPU
		{192C1302-D7B0-4D4A-8805-AB1FF11B3394}.Release|x86.ActiveCfg = Release|Any CPU
		{BB06F398-700D-444C-8B8B-02879584E163}.Debug|Any CPU.ActiveCfg = Debug|Any CPU
		{BB06F398-700D-444C-8B8B-02879584E163}.Debug|Any CPU.Build.0 = Debug|Any CPU
		{BB06F398-700D-444C-8B8B-02879584E163}.Debug|ARM.ActiveCfg = Debug|Any CPU
		{BB06F398-700D-444C-8B8B-02879584E163}.Debug|x86.ActiveCfg = Debug|Any CPU
		{BB06F398-700D-444C-8B8B-02879584E163}.Release|Any CPU.ActiveCfg = Release|Any CPU
		{BB06F398-700D-444C-8B8B-02879584E163}.Release|Any CPU.Build.0 = Release|Any CPU
		{BB06F398-700D-444C-8B8B-02879584E163}.Release|ARM.ActiveCfg = Release|Any CPU
		{BB06F398-700D-444C-8B8B-02879584E163}.Release|x86.ActiveCfg = Release|Any CPU
		{09F812FF-1577-4D9C-ACB6-2F1FCF8DDDE8}.Debug|Any CPU.ActiveCfg = Debug|Any CPU
		{09F812FF-1577-4D9C-ACB6-2F1FCF8DDDE8}.Debug|Any CPU.Build.0 = Debug|Any CPU
		{09F812FF-1577-4D9C-ACB6-2F1FCF8DDDE8}.Debug|ARM.ActiveCfg = Debug|Any CPU
		{09F812FF-1577-4D9C-ACB6-2F1FCF8DDDE8}.Debug|x86.ActiveCfg = Debug|Any CPU
		{09F812FF-1577-4D9C-ACB6-2F1FCF8DDDE8}.Release|Any CPU.ActiveCfg = Release|Any CPU
		{09F812FF-1577-4D9C-ACB6-2F1FCF8DDDE8}.Release|Any CPU.Build.0 = Release|Any CPU
		{09F812FF-1577-4D9C-ACB6-2F1FCF8DDDE8}.Release|ARM.ActiveCfg = Release|Any CPU
		{09F812FF-1577-4D9C-ACB6-2F1FCF8DDDE8}.Release|x86.ActiveCfg = Release|Any CPU
		{689A19EE-F1ED-4585-A67C-B12B21E1BAA6}.Debug|Any CPU.ActiveCfg = Debug|Any CPU
		{689A19EE-F1ED-4585-A67C-B12B21E1BAA6}.Debug|Any CPU.Build.0 = Debug|Any CPU
		{689A19EE-F1ED-4585-A67C-B12B21E1BAA6}.Debug|Any CPU.Deploy.0 = Debug|Any CPU
		{689A19EE-F1ED-4585-A67C-B12B21E1BAA6}.Debug|ARM.ActiveCfg = Debug|ARM
		{689A19EE-F1ED-4585-A67C-B12B21E1BAA6}.Debug|ARM.Build.0 = Debug|ARM
		{689A19EE-F1ED-4585-A67C-B12B21E1BAA6}.Debug|ARM.Deploy.0 = Debug|ARM
		{689A19EE-F1ED-4585-A67C-B12B21E1BAA6}.Debug|x86.ActiveCfg = Debug|x86
		{689A19EE-F1ED-4585-A67C-B12B21E1BAA6}.Debug|x86.Build.0 = Debug|x86
		{689A19EE-F1ED-4585-A67C-B12B21E1BAA6}.Debug|x86.Deploy.0 = Debug|x86
		{689A19EE-F1ED-4585-A67C-B12B21E1BAA6}.Release|Any CPU.ActiveCfg = Release|Any CPU
		{689A19EE-F1ED-4585-A67C-B12B21E1BAA6}.Release|Any CPU.Build.0 = Release|Any CPU
		{689A19EE-F1ED-4585-A67C-B12B21E1BAA6}.Release|Any CPU.Deploy.0 = Release|Any CPU
		{689A19EE-F1ED-4585-A67C-B12B21E1BAA6}.Release|ARM.ActiveCfg = Release|ARM
		{689A19EE-F1ED-4585-A67C-B12B21E1BAA6}.Release|ARM.Build.0 = Release|ARM
		{689A19EE-F1ED-4585-A67C-B12B21E1BAA6}.Release|ARM.Deploy.0 = Release|ARM
		{689A19EE-F1ED-4585-A67C-B12B21E1BAA6}.Release|x86.ActiveCfg = Release|x86
		{689A19EE-F1ED-4585-A67C-B12B21E1BAA6}.Release|x86.Build.0 = Release|x86
		{689A19EE-F1ED-4585-A67C-B12B21E1BAA6}.Release|x86.Deploy.0 = Release|x86
	EndGlobalSection
	GlobalSection(SolutionProperties) = preSolution
		HideSolutionNode = FALSE
	EndGlobalSection
EndGlobal
